// !$*UTF8*$!
{
	archiveVersion = 1;
	classes = {
	};
	objectVersion = 50;
	objects = {

/* Begin PBXBuildFile section */
		D813E6D521E645AE00DB348D /* main.swift in Sources */ = {isa = PBXBuildFile; fileRef = D813E6D421E645AE00DB348D /* main.swift */; };
		D8B762CF21E64A440033F33B /* PeriodicRunner.swift in Sources */ = {isa = PBXBuildFile; fileRef = D8B762CE21E64A440033F33B /* PeriodicRunner.swift */; };
		D8B762D121E653010033F33B /* ConsoleLogger.swift in Sources */ = {isa = PBXBuildFile; fileRef = D8B762D021E653010033F33B /* ConsoleLogger.swift */; };
		D8B762D421E68B860033F33B /* sleepProfiler.c in Sources */ = {isa = PBXBuildFile; fileRef = D8B762D321E68B860033F33B /* sleepProfiler.c */; };
/* End PBXBuildFile section */

/* Begin PBXCopyFilesBuildPhase section */
		D813E6CF21E645AE00DB348D /* CopyFiles */ = {
			isa = PBXCopyFilesBuildPhase;
			buildActionMask = 2147483647;
			dstPath = /usr/share/man/man1/;
			dstSubfolderSpec = 0;
			files = (
			);
			runOnlyForDeploymentPostprocessing = 1;
		};
/* End PBXCopyFilesBuildPhase section */

/* Begin PBXFileReference section */
		D813E6D121E645AE00DB348D /* SleepProfiler */ = {isa = PBXFileReference; explicitFileType = "compiled.mach-o.executable"; includeInIndex = 0; path = SleepProfiler; sourceTree = BUILT_PRODUCTS_DIR; };
		D813E6D421E645AE00DB348D /* main.swift */ = {isa = PBXFileReference; lastKnownFileType = sourcecode.swift; path = main.swift; sourceTree = "<group>"; };
		D813E6DB21E645C100DB348D /* SleepProfiler-Bridging-Header.h */ = {isa = PBXFileReference; lastKnownFileType = sourcecode.c.h; path = "SleepProfiler-Bridging-Header.h"; sourceTree = "<group>"; };
		D8B762CE21E64A440033F33B /* PeriodicRunner.swift */ = {isa = PBXFileReference; lastKnownFileType = sourcecode.swift; path = PeriodicRunner.swift; sourceTree = "<group>"; };
		D8B762D021E653010033F33B /* ConsoleLogger.swift */ = {isa = PBXFileReference; fileEncoding = 4; lastKnownFileType = sourcecode.swift; path = ConsoleLogger.swift; sourceTree = "<group>"; };
		D8B762D221E68B860033F33B /* sleepProfiler.h */ = {isa = PBXFileReference; lastKnownFileType = sourcecode.c.h; name = sleepProfiler.h; path = SleepProfiler/sleepProfiler.h; sourceTree = "<group>"; };
		D8B762D321E68B860033F33B /* sleepProfiler.c */ = {isa = PBXFileReference; lastKnownFileType = sourcecode.c.c; name = sleepProfiler.c; path = SleepProfiler/sleepProfiler.c; sourceTree = "<group>"; };
		D8B762D621E68DA10033F33B /* com.sevensignal.sleepprofiler.plist */ = {isa = PBXFileReference; lastKnownFileType = text.plist.xml; path = com.sevensignal.sleepprofiler.plist; sourceTree = "<group>"; };
/* End PBXFileReference section */

/* Begin PBXFrameworksBuildPhase section */
		D813E6CE21E645AE00DB348D /* Frameworks */ = {
			isa = PBXFrameworksBuildPhase;
			buildActionMask = 2147483647;
			files = (
			);
			runOnlyForDeploymentPostprocessing = 0;
		};
/* End PBXFrameworksBuildPhase section */

/* Begin PBXGroup section */
		D813E6C821E645AE00DB348D = {
			isa = PBXGroup;
			children = (
				D8B762D621E68DA10033F33B /* com.sevensignal.sleepprofiler.plist */,
				D8B762D221E68B860033F33B /* sleepProfiler.h */,
				D8B762D321E68B860033F33B /* sleepProfiler.c */,
				D813E6DB21E645C100DB348D /* SleepProfiler-Bridging-Header.h */,
				D813E6D321E645AE00DB348D /* SleepProfiler */,
				D813E6D221E645AE00DB348D /* Products */,
			);
			sourceTree = "<group>";
		};
		D813E6D221E645AE00DB348D /* Products */ = {
			isa = PBXGroup;
			children = (
				D813E6D121E645AE00DB348D /* SleepProfiler */,
			);
			name = Products;
			sourceTree = "<group>";
		};
		D813E6D321E645AE00DB348D /* SleepProfiler */ = {
			isa = PBXGroup;
			children = (
				D813E6D421E645AE00DB348D /* main.swift */,
				D8B762CE21E64A440033F33B /* PeriodicRunner.swift */,
				D8B762D021E653010033F33B /* ConsoleLogger.swift */,
			);
			path = SleepProfiler;
			sourceTree = "<group>";
		};
/* End PBXGroup section */

/* Begin PBXNativeTarget section */
		D813E6D021E645AE00DB348D /* SleepProfiler */ = {
			isa = PBXNativeTarget;
			buildConfigurationList = D813E6D821E645AE00DB348D /* Build configuration list for PBXNativeTarget "SleepProfiler" */;
			buildPhases = (
				D813E6CD21E645AE00DB348D /* Sources */,
				D813E6CE21E645AE00DB348D /* Frameworks */,
				D813E6CF21E645AE00DB348D /* CopyFiles */,
			);
			buildRules = (
			);
			dependencies = (
			);
			name = SleepProfiler;
			productName = SleepProfiler;
			productReference = D813E6D121E645AE00DB348D /* SleepProfiler */;
			productType = "com.apple.product-type.tool";
		};
/* End PBXNativeTarget section */

/* Begin PBXProject section */
		D813E6C921E645AE00DB348D /* Project object */ = {
			isa = PBXProject;
			attributes = {
				LastSwiftUpdateCheck = 1010;
				LastUpgradeCheck = 1010;
				ORGANIZATIONNAME = 7SIGNAL;
				TargetAttributes = {
					D813E6D021E645AE00DB348D = {
						CreatedOnToolsVersion = 10.1;
						LastSwiftMigration = 1010;
					};
				};
			};
			buildConfigurationList = D813E6CC21E645AE00DB348D /* Build configuration list for PBXProject "SleepProfiler" */;
			compatibilityVersion = "Xcode 9.3";
			developmentRegion = en;
			hasScannedForEncodings = 0;
			knownRegions = (
				en,
			);
			mainGroup = D813E6C821E645AE00DB348D;
			productRefGroup = D813E6D221E645AE00DB348D /* Products */;
			projectDirPath = "";
			projectRoot = "";
			targets = (
				D813E6D021E645AE00DB348D /* SleepProfiler */,
			);
		};
/* End PBXProject section */

/* Begin PBXSourcesBuildPhase section */
		D813E6CD21E645AE00DB348D /* Sources */ = {
			isa = PBXSourcesBuildPhase;
			buildActionMask = 2147483647;
			files = (
				D8B762D421E68B860033F33B /* sleepProfiler.c in Sources */,
				D813E6D521E645AE00DB348D /* main.swift in Sources */,
				D8B762CF21E64A440033F33B /* PeriodicRunner.swift in Sources */,
				D8B762D121E653010033F33B /* ConsoleLogger.swift in Sources */,
			);
			runOnlyForDeploymentPostprocessing = 0;
		};
/* End PBXSourcesBuildPhase section */

/* Begin XCBuildConfiguration section */
		D813E6D621E645AE00DB348D /* Debug */ = {
			isa = XCBuildConfiguration;
			buildSettings = {
				ALWAYS_SEARCH_USER_PATHS = NO;
				CLANG_ANALYZER_NONNULL = YES;
				CLANG_ANALYZER_NUMBER_OBJECT_CONVERSION = YES_AGGRESSIVE;
				CLANG_CXX_LANGUAGE_STANDARD = "gnu++14";
				CLANG_CXX_LIBRARY = "libc++";
				CLANG_ENABLE_MODULES = YES;
				CLANG_ENABLE_OBJC_ARC = YES;
				CLANG_ENABLE_OBJC_WEAK = YES;
				CLANG_WARN_BLOCK_CAPTURE_AUTORELEASING = YES;
				CLANG_WARN_BOOL_CONVERSION = YES;
				CLANG_WARN_COMMA = YES;
				CLANG_WARN_CONSTANT_CONVERSION = YES;
				CLANG_WARN_DEPRECATED_OBJC_IMPLEMENTATIONS = YES;
				CLANG_WARN_DIRECT_OBJC_ISA_USAGE = YES_ERROR;
				CLANG_WARN_DOCUMENTATION_COMMENTS = YES;
				CLANG_WARN_EMPTY_BODY = YES;
				CLANG_WARN_ENUM_CONVERSION = YES;
				CLANG_WARN_INFINITE_RECURSION = YES;
				CLANG_WARN_INT_CONVERSION = YES;
				CLANG_WARN_NON_LITERAL_NULL_CONVERSION = YES;
				CLANG_WARN_OBJC_IMPLICIT_RETAIN_SELF = YES;
				CLANG_WARN_OBJC_LITERAL_CONVERSION = YES;
				CLANG_WARN_OBJC_ROOT_CLASS = YES_ERROR;
				CLANG_WARN_RANGE_LOOP_ANALYSIS = YES;
				CLANG_WARN_STRICT_PROTOTYPES = YES;
				CLANG_WARN_SUSPICIOUS_MOVE = YES;
				CLANG_WARN_UNGUARDED_AVAILABILITY = YES_AGGRESSIVE;
				CLANG_WARN_UNREACHABLE_CODE = YES;
				CLANG_WARN__DUPLICATE_METHOD_MATCH = YES;
				CODE_SIGN_IDENTITY = "Mac Developer";
				COPY_PHASE_STRIP = NO;
				DEBUG_INFORMATION_FORMAT = dwarf;
				ENABLE_STRICT_OBJC_MSGSEND = YES;
				ENABLE_TESTABILITY = YES;
				GCC_C_LANGUAGE_STANDARD = gnu11;
				GCC_DYNAMIC_NO_PIC = NO;
				GCC_NO_COMMON_BLOCKS = YES;
				GCC_OPTIMIZATION_LEVEL = 0;
				GCC_PREPROCESSOR_DEFINITIONS = (
					"DEBUG=1",
					"$(inherited)",
				);
				GCC_WARN_64_TO_32_BIT_CONVERSION = YES;
				GCC_WARN_ABOUT_RETURN_TYPE = YES_ERROR;
				GCC_WARN_UNDECLARED_SELECTOR = YES;
				GCC_WARN_UNINITIALIZED_AUTOS = YES_AGGRESSIVE;
				GCC_WARN_UNUSED_FUNCTION = YES;
				GCC_WARN_UNUSED_VARIABLE = YES;
				MACOSX_DEPLOYMENT_TARGET = 10.14;
				MTL_ENABLE_DEBUG_INFO = INCLUDE_SOURCE;
				MTL_FAST_MATH = YES;
				ONLY_ACTIVE_ARCH = YES;
				SDKROOT = macosx;
				SWIFT_ACTIVE_COMPILATION_CONDITIONS = DEBUG;
				SWIFT_OPTIMIZATION_LEVEL = "-Onone";
			};
			name = Debug;
		};
		D813E6D721E645AE00DB348D /* Release */ = {
			isa = XCBuildConfiguration;
			buildSettings = {
				ALWAYS_SEARCH_USER_PATHS = NO;
				CLANG_ANALYZER_NONNULL = YES;
				CLANG_ANALYZER_NUMBER_OBJECT_CONVERSION = YES_AGGRESSIVE;
				CLANG_CXX_LANGUAGE_STANDARD = "gnu++14";
				CLANG_CXX_LIBRARY = "libc++";
				CLANG_ENABLE_MODULES = YES;
				CLANG_ENABLE_OBJC_ARC = YES;
				CLANG_ENABLE_OBJC_WEAK = YES;
				CLANG_WARN_BLOCK_CAPTURE_AUTORELEASING = YES;
				CLANG_WARN_BOOL_CONVERSION = YES;
				CLANG_WARN_COMMA = YES;
				CLANG_WARN_CONSTANT_CONVERSION = YES;
				CLANG_WARN_DEPRECATED_OBJC_IMPLEMENTATIONS = YES;
				CLANG_WARN_DIRECT_OBJC_ISA_USAGE = YES_ERROR;
				CLANG_WARN_DOCUMENTATION_COMMENTS = YES;
				CLANG_WARN_EMPTY_BODY = YES;
				CLANG_WARN_ENUM_CONVERSION = YES;
				CLANG_WARN_INFINITE_RECURSION = YES;
				CLANG_WARN_INT_CONVERSION = YES;
				CLANG_WARN_NON_LITERAL_NULL_CONVERSION = YES;
				CLANG_WARN_OBJC_IMPLICIT_RETAIN_SELF = YES;
				CLANG_WARN_OBJC_LITERAL_CONVERSION = YES;
				CLANG_WARN_OBJC_ROOT_CLASS = YES_ERROR;
				CLANG_WARN_RANGE_LOOP_ANALYSIS = YES;
				CLANG_WARN_STRICT_PROTOTYPES = YES;
				CLANG_WARN_SUSPICIOUS_MOVE = YES;
				CLANG_WARN_UNGUARDED_AVAILABILITY = YES_AGGRESSIVE;
				CLANG_WARN_UNREACHABLE_CODE = YES;
				CLANG_WARN__DUPLICATE_METHOD_MATCH = YES;
				CODE_SIGN_IDENTITY = "Mac Developer";
				COPY_PHASE_STRIP = NO;
				DEBUG_INFORMATION_FORMAT = "dwarf-with-dsym";
				ENABLE_NS_ASSERTIONS = NO;
				ENABLE_STRICT_OBJC_MSGSEND = YES;
				GCC_C_LANGUAGE_STANDARD = gnu11;
				GCC_NO_COMMON_BLOCKS = YES;
				GCC_WARN_64_TO_32_BIT_CONVERSION = YES;
				GCC_WARN_ABOUT_RETURN_TYPE = YES_ERROR;
				GCC_WARN_UNDECLARED_SELECTOR = YES;
				GCC_WARN_UNINITIALIZED_AUTOS = YES_AGGRESSIVE;
				GCC_WARN_UNUSED_FUNCTION = YES;
				GCC_WARN_UNUSED_VARIABLE = YES;
				MACOSX_DEPLOYMENT_TARGET = 10.14;
				MTL_ENABLE_DEBUG_INFO = NO;
				MTL_FAST_MATH = YES;
				SDKROOT = macosx;
				SWIFT_COMPILATION_MODE = wholemodule;
				SWIFT_OPTIMIZATION_LEVEL = "-O";
			};
			name = Release;
		};
		D813E6D921E645AE00DB348D /* Debug */ = {
			isa = XCBuildConfiguration;
			buildSettings = {
				CLANG_ENABLE_MODULES = YES;
				CODE_SIGN_STYLE = Automatic;
				DEVELOPMENT_TEAM = FJTS43XKE5;
				LD_RUNPATH_SEARCH_PATHS = (
					"$(inherited)",
					"@executable_path/../Frameworks",
					"@loader_path/../Frameworks",
				);
				MACOSX_DEPLOYMENT_TARGET = 10.13;
				PRODUCT_NAME = "$(TARGET_NAME)";
				SWIFT_OBJC_BRIDGING_HEADER = "SleepProfiler-Bridging-Header.h";
				SWIFT_OPTIMIZATION_LEVEL = "-Onone";
				SWIFT_VERSION = 4.2;
			};
			name = Debug;
		};
		D813E6DA21E645AE00DB348D /* Release */ = {
			isa = XCBuildConfiguration;
			buildSettings = {
				CLANG_ENABLE_MODULES = YES;
				CODE_SIGN_STYLE = Automatic;
				DEVELOPMENT_TEAM = FJTS43XKE5;
				LD_RUNPATH_SEARCH_PATHS = (
					"$(inherited)",
					"@executable_path/../Frameworks",
					"@loader_path/../Frameworks",
				);
				MACOSX_DEPLOYMENT_TARGET = 10.13;
				PRODUCT_NAME = "$(TARGET_NAME)";
				SWIFT_OBJC_BRIDGING_HEADER = "SleepProfiler-Bridging-Header.h";
				SWIFT_VERSION = 4.2;
			};
			name = Release;
		};
/* End XCBuildConfiguration section */

/* Begin XCConfigurationList section */
		D813E6CC21E645AE00DB348D /* Build configuration list for PBXProject "SleepProfiler" */ = {
			isa = XCConfigurationList;
			buildConfigurations = (
				D813E6D621E645AE00DB348D /* Debug */,
				D813E6D721E645AE00DB348D /* Release */,
			);
			defaultConfigurationIsVisible = 0;
			defaultConfigurationName = Release;
		};
		D813E6D821E645AE00DB348D /* Build configuration list for PBXNativeTarget "SleepProfiler" */ = {
			isa = XCConfigurationList;
			buildConfigurations = (
				D813E6D921E645AE00DB348D /* Debug */,
				D813E6DA21E645AE00DB348D /* Release */,
			);
			defaultConfigurationIsVisible = 0;
			defaultConfigurationName = Release;
		};
/* End XCConfigurationList section */
	};
	rootObject = D813E6C921E645AE00DB348D /* Project object */;
}
